
Microsoft Visual Studio Solution File, Format Version 12.00
# Visual Studio Version 16
VisualStudioVersion = 16.0.30717.126
MinimumVisualStudioVersion = 10.0.40219.1
Project("{FAE04EC0-301F-11D3-BF4B-00C04F79EFBC}") = "TestNo4", "TestNo4\TestNo4.csproj", "{180B4082-1AB3-49BE-A440-23D64FFCB432}"
EndProject
Global
	GlobalSection(SolutionConfigurationPlatforms) = preSolution
		Debug|Any CPU = Debug|Any CPU
		Release|Any CPU = Release|Any CPU
	EndGlobalSection
	GlobalSection(ProjectConfigurationPlatforms) = postSolution
		{180B4082-1AB3-49BE-A440-23D64FFCB432}.Debug|Any CPU.ActiveCfg = Debug|Any CPU
		{180B4082-1AB3-49BE-A440-23D64FFCB432}.Debug|Any CPU.Build.0 = Debug|Any CPU
		{180B4082-1AB3-49BE-A440-23D64FFCB432}.Release|Any CPU.ActiveCfg = Release|Any CPU
		{180B4082-1AB3-49BE-A440-23D64FFCB432}.Release|Any CPU.Build.0 = Release|Any CPU
	EndGlobalSection
	GlobalSection(SolutionProperties) = preSolution
		HideSolutionNode = FALSE
	EndGlobalSection
	GlobalSection(ExtensibilityGlobals) = postSolution
		SolutionGuid = {4F2E69FC-B726-42AE-A63C-BF8907556CA6}
	EndGlobalSection
EndGlobal
